// !$*UTF8*$!
{
	archiveVersion = 1;
	classes = {
	};
	objectVersion = 56;
	objects = {

/* Begin PBXBuildFile section */
		BF0000000000000000000001 /* GGUFMyRepoApp.swift in Sources */ = {isa = PBXBuildFile; fileRef = FR0000000000000000000001; };
		BF0000000000000000000002 /* RootView.swift in Sources */ = {isa = PBXBuildFile; fileRef = FR0000000000000000000002; };
		BF0000000000000000000003 /* ConfettiView.swift in Sources */ = {isa = PBXBuildFile; fileRef = FR0000000000000000000003; };
		BF0000000000000000000004 /* GlassProgressRing.swift in Sources */ = {isa = PBXBuildFile; fileRef = FR0000000000000000000004; };
		BF0000000000000000000005 /* StorageBar.swift in Sources */ = {isa = PBXBuildFile; fileRef = FR0000000000000000000005; };
		BF0000000000000000000006 /* TerminalLogView.swift in Sources */ = {isa = PBXBuildFile; fileRef = FR0000000000000000000006; };
		BF0000000000000000000007 /* ThermalStateBadge.swift in Sources */ = {isa = PBXBuildFile; fileRef = FR0000000000000000000007; };
		BF0000000000000000000008 /* AppSettings.swift in Sources */ = {isa = PBXBuildFile; fileRef = FR0000000000000000000008; };
		BF0000000000000000000009 /* DeviceProfile.swift in Sources */ = {isa = PBXBuildFile; fileRef = FR0000000000000000000009; };
		BF000000000000000000000A /* GGUFMetadata.swift in Sources */ = {isa = PBXBuildFile; fileRef = FR000000000000000000000A; };
		BF000000000000000000000B /* HFModel.swift in Sources */ = {isa = PBXBuildFile; fileRef = FR000000000000000000000B; };
		BF000000000000000000000C /* QuantJob.swift in Sources */ = {isa = PBXBuildFile; fileRef = FR000000000000000000000C; };
		BF000000000000000000000D /* QuantType.swift in Sources */ = {isa = PBXBuildFile; fileRef = FR000000000000000000000D; };
		BF000000000000000000000E /* AppSettingsStore.swift in Sources */ = {isa = PBXBuildFile; fileRef = FR000000000000000000000E; };
		BF000000000000000000000F /* BinaryQuantizeEngine.swift in Sources */ = {isa = PBXBuildFile; fileRef = FR000000000000000000000F; };
		BF0000000000000000000010 /* DeviceInfo.swift in Sources */ = {isa = PBXBuildFile; fileRef = FR0000000000000000000010; };
		BF0000000000000000000011 /* DeviceMemoryBridge.c in Sources */ = {isa = PBXBuildFile; fileRef = FR0000000000000000000011; };
		BF0000000000000000000012 /* DownloadManager.swift in Sources */ = {isa = PBXBuildFile; fileRef = FR0000000000000000000012; };
		BF0000000000000000000013 /* GGUFParser.swift in Sources */ = {isa = PBXBuildFile; fileRef = FR0000000000000000000013; };
		BF0000000000000000000014 /* HFClient.swift in Sources */ = {isa = PBXBuildFile; fileRef = FR0000000000000000000014; };
		BF0000000000000000000015 /* JobHistoryStore.swift in Sources */ = {isa = PBXBuildFile; fileRef = FR0000000000000000000015; };
		BF0000000000000000000016 /* KeychainService.swift in Sources */ = {isa = PBXBuildFile; fileRef = FR0000000000000000000016; };
		BF0000000000000000000017 /* QuantRecommendationEngine.swift in Sources */ = {isa = PBXBuildFile; fileRef = FR0000000000000000000017; };
		BF0000000000000000000018 /* QuantizeEngine.swift in Sources */ = {isa = PBXBuildFile; fileRef = FR0000000000000000000018; };
		BF0000000000000000000019 /* ThermalMonitor.swift in Sources */ = {isa = PBXBuildFile; fileRef = FR0000000000000000000019; };
		BF000000000000000000001A /* WidgetSyncService.swift in Sources */ = {isa = PBXBuildFile; fileRef = FR000000000000000000001A; };
		BF000000000000000000001B /* JobHistoryView.swift in Sources */ = {isa = PBXBuildFile; fileRef = FR000000000000000000001B; };
		BF000000000000000000001C /* DownloadProgressView.swift in Sources */ = {isa = PBXBuildFile; fileRef = FR000000000000000000001C; };
		BF000000000000000000001D /* HardwareRecommendationCard.swift in Sources */ = {isa = PBXBuildFile; fileRef = FR000000000000000000001D; };
		BF000000000000000000001E /* QuantConfigView.swift in Sources */ = {isa = PBXBuildFile; fileRef = FR000000000000000000001E; };
		BF000000000000000000001F /* QuantizeProgressView.swift in Sources */ = {isa = PBXBuildFile; fileRef = FR000000000000000000001F; };
		BF0000000000000000000020 /* ResultView.swift in Sources */ = {isa = PBXBuildFile; fileRef = FR0000000000000000000020; };
		BF0000000000000000000021 /* UploadProgressView.swift in Sources */ = {isa = PBXBuildFile; fileRef = FR0000000000000000000021; };
		BF0000000000000000000022 /* SplashView.swift in Sources */ = {isa = PBXBuildFile; fileRef = FR0000000000000000000022; };
		BF0000000000000000000023 /* TokenSetupView.swift in Sources */ = {isa = PBXBuildFile; fileRef = FR0000000000000000000023; };
		BF0000000000000000000024 /* FilePickerSheet.swift in Sources */ = {isa = PBXBuildFile; fileRef = FR0000000000000000000024; };
		BF0000000000000000000025 /* ModelDetailSheet.swift in Sources */ = {isa = PBXBuildFile; fileRef = FR0000000000000000000025; };
		BF0000000000000000000026 /* ModelSearchView.swift in Sources */ = {isa = PBXBuildFile; fileRef = FR0000000000000000000026; };
		BF0000000000000000000027 /* SettingsView.swift in Sources */ = {isa = PBXBuildFile; fileRef = FR0000000000000000000027; };
/* End PBXBuildFile section */

/* Begin PBXFileReference section */
		FR0000000000000000000001 /* GGUFMyRepoApp.swift */ = {isa = PBXFileReference; lastKnownFileType = sourcecode.swift; name = GGUFMyRepoApp.swift; path = GGUFMyRepo/App/GGUFMyRepoApp.swift; sourceTree = SOURCE_ROOT; };
		FR0000000000000000000002 /* RootView.swift */ = {isa = PBXFileReference; lastKnownFileType = sourcecode.swift; name = RootView.swift; path = GGUFMyRepo/App/RootView.swift; sourceTree = SOURCE_ROOT; };
		FR0000000000000000000003 /* ConfettiView.swift */ = {isa = PBXFileReference; lastKnownFileType = sourcecode.swift; name = ConfettiView.swift; path = GGUFMyRepo/Components/ConfettiView.swift; sourceTree = SOURCE_ROOT; };
		FR0000000000000000000004 /* GlassProgressRing.swift */ = {isa = PBXFileReference; lastKnownFileType = sourcecode.swift; name = GlassProgressRing.swift; path = GGUFMyRepo/Components/GlassProgressRing.swift; sourceTree = SOURCE_ROOT; };
		FR0000000000000000000005 /* StorageBar.swift */ = {isa = PBXFileReference; lastKnownFileType = sourcecode.swift; name = StorageBar.swift; path = GGUFMyRepo/Components/StorageBar.swift; sourceTree = SOURCE_ROOT; };
		FR0000000000000000000006 /* TerminalLogView.swift */ = {isa = PBXFileReference; lastKnownFileType = sourcecode.swift; name = TerminalLogView.swift; path = GGUFMyRepo/Components/TerminalLogView.swift; sourceTree = SOURCE_ROOT; };
		FR0000000000000000000007 /* ThermalStateBadge.swift */ = {isa = PBXFileReference; lastKnownFileType = sourcecode.swift; name = ThermalStateBadge.swift; path = GGUFMyRepo/Components/ThermalStateBadge.swift; sourceTree = SOURCE_ROOT; };
		FR0000000000000000000008 /* AppSettings.swift */ = {isa = PBXFileReference; lastKnownFileType = sourcecode.swift; name = AppSettings.swift; path = GGUFMyRepo/Models/AppSettings.swift; sourceTree = SOURCE_ROOT; };
		FR0000000000000000000009 /* DeviceProfile.swift */ = {isa = PBXFileReference; lastKnownFileType = sourcecode.swift; name = DeviceProfile.swift; path = GGUFMyRepo/Models/DeviceProfile.swift; sourceTree = SOURCE_ROOT; };
		FR000000000000000000000A /* GGUFMetadata.swift */ = {isa = PBXFileReference; lastKnownFileType = sourcecode.swift; name = GGUFMetadata.swift; path = GGUFMyRepo/Models/GGUFMetadata.swift; sourceTree = SOURCE_ROOT; };
		FR000000000000000000000B /* HFModel.swift */ = {isa = PBXFileReference; lastKnownFileType = sourcecode.swift; name = HFModel.swift; path = GGUFMyRepo/Models/HFModel.swift; sourceTree = SOURCE_ROOT; };
		FR000000000000000000000C /* QuantJob.swift */ = {isa = PBXFileReference; lastKnownFileType = sourcecode.swift; name = QuantJob.swift; path = GGUFMyRepo/Models/QuantJob.swift; sourceTree = SOURCE_ROOT; };
		FR000000000000000000000D /* QuantType.swift */ = {isa = PBXFileReference; lastKnownFileType = sourcecode.swift; name = QuantType.swift; path = GGUFMyRepo/Models/QuantType.swift; sourceTree = SOURCE_ROOT; };
		FR000000000000000000000E /* AppSettingsStore.swift */ = {isa = PBXFileReference; lastKnownFileType = sourcecode.swift; name = AppSettingsStore.swift; path = GGUFMyRepo/Services/AppSettingsStore.swift; sourceTree = SOURCE_ROOT; };
		FR000000000000000000000F /* BinaryQuantizeEngine.swift */ = {isa = PBXFileReference; lastKnownFileType = sourcecode.swift; name = BinaryQuantizeEngine.swift; path = GGUFMyRepo/Services/BinaryQuantizeEngine.swift; sourceTree = SOURCE_ROOT; };
		FR0000000000000000000010 /* DeviceInfo.swift */ = {isa = PBXFileReference; lastKnownFileType = sourcecode.swift; name = DeviceInfo.swift; path = GGUFMyRepo/Services/DeviceInfo.swift; sourceTree = SOURCE_ROOT; };
		FR0000000000000000000011 /* DeviceMemoryBridge.c */ = {isa = PBXFileReference; lastKnownFileType = sourcecode.c.c; name = DeviceMemoryBridge.c; path = GGUFMyRepo/Services/DeviceMemoryBridge.c; sourceTree = SOURCE_ROOT; };
		FR0000000000000000000012 /* DownloadManager.swift */ = {isa = PBXFileReference; lastKnownFileType = sourcecode.swift; name = DownloadManager.swift; path = GGUFMyRepo/Services/DownloadManager.swift; sourceTree = SOURCE_ROOT; };
		FR0000000000000000000013 /* GGUFParser.swift */ = {isa = PBXFileReference; lastKnownFileType = sourcecode.swift; name = GGUFParser.swift; path = GGUFMyRepo/Services/GGUFParser.swift; sourceTree = SOURCE_ROOT; };
		FR0000000000000000000014 /* HFClient.swift */ = {isa = PBXFileReference; lastKnownFileType = sourcecode.swift; name = HFClient.swift; path = GGUFMyRepo/Services/HFClient.swift; sourceTree = SOURCE_ROOT; };
		FR0000000000000000000015 /* JobHistoryStore.swift */ = {isa = PBXFileReference; lastKnownFileType = sourcecode.swift; name = JobHistoryStore.swift; path = GGUFMyRepo/Services/JobHistoryStore.swift; sourceTree = SOURCE_ROOT; };
		FR0000000000000000000016 /* KeychainService.swift */ = {isa = PBXFileReference; lastKnownFileType = sourcecode.swift; name = KeychainService.swift; path = GGUFMyRepo/Services/KeychainService.swift; sourceTree = SOURCE_ROOT; };
		FR0000000000000000000017 /* QuantRecommendationEngine.swift */ = {isa = PBXFileReference; lastKnownFileType = sourcecode.swift; name = QuantRecommendationEngine.swift; path = GGUFMyRepo/Services/QuantRecommendationEngine.swift; sourceTree = SOURCE_ROOT; };
		FR0000000000000000000018 /* QuantizeEngine.swift */ = {isa = PBXFileReference; lastKnownFileType = sourcecode.swift; name = QuantizeEngine.swift; path = GGUFMyRepo/Services/QuantizeEngine.swift; sourceTree = SOURCE_ROOT; };
		FR0000000000000000000019 /* ThermalMonitor.swift */ = {isa = PBXFileReference; lastKnownFileType = sourcecode.swift; name = ThermalMonitor.swift; path = GGUFMyRepo/Services/ThermalMonitor.swift; sourceTree = SOURCE_ROOT; };
		FR000000000000000000001A /* WidgetSyncService.swift */ = {isa = PBXFileReference; lastKnownFileType = sourcecode.swift; name = WidgetSyncService.swift; path = GGUFMyRepo/Services/WidgetSyncService.swift; sourceTree = SOURCE_ROOT; };
		FR000000000000000000001B /* JobHistoryView.swift */ = {isa = PBXFileReference; lastKnownFileType = sourcecode.swift; name = JobHistoryView.swift; path = GGUFMyRepo/Views/History/JobHistoryView.swift; sourceTree = SOURCE_ROOT; };
		FR000000000000000000001C /* DownloadProgressView.swift */ = {isa = PBXFileReference; lastKnownFileType = sourcecode.swift; name = DownloadProgressView.swift; path = GGUFMyRepo/Views/Job/DownloadProgressView.swift; sourceTree = SOURCE_ROOT; };
		FR000000000000000000001D /* HardwareRecommendationCard.swift */ = {isa = PBXFileReference; lastKnownFileType = sourcecode.swift; name = HardwareRecommendationCard.swift; path = GGUFMyRepo/Views/Job/HardwareRecommendationCard.swift; sourceTree = SOURCE_ROOT; };
		FR000000000000000000001E /* QuantConfigView.swift */ = {isa = PBXFileReference; lastKnownFileType = sourcecode.swift; name = QuantConfigView.swift; path = GGUFMyRepo/Views/Job/QuantConfigView.swift; sourceTree = SOURCE_ROOT; };
		FR000000000000000000001F /* QuantizeProgressView.swift */ = {isa = PBXFileReference; lastKnownFileType = sourcecode.swift; name = QuantizeProgressView.swift; path = GGUFMyRepo/Views/Job/QuantizeProgressView.swift; sourceTree = SOURCE_ROOT; };
		FR0000000000000000000020 /* ResultView.swift */ = {isa = PBXFileReference; lastKnownFileType = sourcecode.swift; name = ResultView.swift; path = GGUFMyRepo/Views/Job/ResultView.swift; sourceTree = SOURCE_ROOT; };
		FR0000000000000000000021 /* UploadProgressView.swift */ = {isa = PBXFileReference; lastKnownFileType = sourcecode.swift; name = UploadProgressView.swift; path = GGUFMyRepo/Views/Job/UploadProgressView.swift; sourceTree = SOURCE_ROOT; };
		FR0000000000000000000022 /* SplashView.swift */ = {isa = PBXFileReference; lastKnownFileType = sourcecode.swift; name = SplashView.swift; path = GGUFMyRepo/Views/Onboarding/SplashView.swift; sourceTree = SOURCE_ROOT; };
		FR0000000000000000000023 /* TokenSetupView.swift */ = {isa = PBXFileReference; lastKnownFileType = sourcecode.swift; name = TokenSetupView.swift; path = GGUFMyRepo/Views/Onboarding/TokenSetupView.swift; sourceTree = SOURCE_ROOT; };
		FR0000000000000000000024 /* FilePickerSheet.swift */ = {isa = PBXFileReference; lastKnownFileType = sourcecode.swift; name = FilePickerSheet.swift; path = GGUFMyRepo/Views/Search/FilePickerSheet.swift; sourceTree = SOURCE_ROOT; };
		FR0000000000000000000025 /* ModelDetailSheet.swift */ = {isa = PBXFileReference; lastKnownFileType = sourcecode.swift; name = ModelDetailSheet.swift; path = GGUFMyRepo/Views/Search/ModelDetailSheet.swift; sourceTree = SOURCE_ROOT; };
		FR0000000000000000000026 /* ModelSearchView.swift */ = {isa = PBXFileReference; lastKnownFileType = sourcecode.swift; name = ModelSearchView.swift; path = GGUFMyRepo/Views/Search/ModelSearchView.swift; sourceTree = SOURCE_ROOT; };
		FR0000000000000000000027 /* SettingsView.swift */ = {isa = PBXFileReference; lastKnownFileType = sourcecode.swift; name = SettingsView.swift; path = GGUFMyRepo/Views/Settings/SettingsView.swift; sourceTree = SOURCE_ROOT; };
		PR0000000000000000000001 /* GGUFMyRepo.app */ = {isa = PBXFileReference; explicitFileType = wrapper.application; includeInIndex = 0; path = GGUFMyRepo.app; sourceTree = BUILT_PRODUCTS_DIR; };
/* End PBXFileReference section */

/* Begin PBXFrameworksBuildPhase section */
		FP0000000000000000000001 /* Frameworks */ = {
			isa = PBXFrameworksBuildPhase;
			buildActionMask = 2147483647;
			files = (
			);
			runOnlyForDeploymentPostprocessing = 0;
		};
/* End PBXFrameworksBuildPhase section */

/* Begin PBXGroup section */
		GR0000000000000000000001 = {
			isa = PBXGroup;
			children = (
				GR0000000000000000000002 /* GGUFMyRepo */,
				GR0000000000000000000003 /* Products */,
			);
			sourceTree = "<group>";
		};
		GR0000000000000000000003 /* Products */ = {
			isa = PBXGroup;
			children = (
				PR0000000000000000000001 /* GGUFMyRepo.app */,
			);
			name = Products;
			sourceTree = "<group>";
		};
		GR0000000000000000000002 /* GGUFMyRepo */ = {
			isa = PBXGroup;
			children = (
				FR0000000000000000000001 /* GGUFMyRepoApp.swift */,
				FR0000000000000000000002 /* RootView.swift */,
				FR0000000000000000000003 /* ConfettiView.swift */,
				FR0000000000000000000004 /* GlassProgressRing.swift */,
				FR0000000000000000000005 /* StorageBar.swift */,
				FR0000000000000000000006 /* TerminalLogView.swift */,
				FR0000000000000000000007 /* ThermalStateBadge.swift */,
				FR0000000000000000000008 /* AppSettings.swift */,
				FR0000000000000000000009 /* DeviceProfile.swift */,
				FR000000000000000000000A /* GGUFMetadata.swift */,
				FR000000000000000000000B /* HFModel.swift */,
				FR000000000000000000000C /* QuantJob.swift */,
				FR000000000000000000000D /* QuantType.swift */,
				FR000000000000000000000E /* AppSettingsStore.swift */,
				FR000000000000000000000F /* BinaryQuantizeEngine.swift */,
				FR0000000000000000000010 /* DeviceInfo.swift */,
				FR0000000000000000000011 /* DeviceMemoryBridge.c */,
				FR0000000000000000000012 /* DownloadManager.swift */,
				FR0000000000000000000013 /* GGUFParser.swift */,
				FR0000000000000000000014 /* HFClient.swift */,
				FR0000000000000000000015 /* JobHistoryStore.swift */,
				FR0000000000000000000016 /* KeychainService.swift */,
				FR0000000000000000000017 /* QuantRecommendationEngine.swift */,
				FR0000000000000000000018 /* QuantizeEngine.swift */,
				FR0000000000000000000019 /* ThermalMonitor.swift */,
				FR000000000000000000001A /* WidgetSyncService.swift */,
				FR000000000000000000001B /* JobHistoryView.swift */,
				FR000000000000000000001C /* DownloadProgressView.swift */,
				FR000000000000000000001D /* HardwareRecommendationCard.swift */,
				FR000000000000000000001E /* QuantConfigView.swift */,
				FR000000000000000000001F /* QuantizeProgressView.swift */,
				FR0000000000000000000020 /* ResultView.swift */,
				FR0000000000000000000021 /* UploadProgressView.swift */,
				FR0000000000000000000022 /* SplashView.swift */,
				FR0000000000000000000023 /* TokenSetupView.swift */,
				FR0000000000000000000024 /* FilePickerSheet.swift */,
				FR0000000000000000000025 /* ModelDetailSheet.swift */,
				FR0000000000000000000026 /* ModelSearchView.swift */,
				FR0000000000000000000027 /* SettingsView.swift */,
			);
			name = GGUFMyRepo;
			sourceTree = SOURCE_ROOT;
		};
/* End PBXGroup section */

/* Begin PBXNativeTarget section */
		NT0000000000000000000001 /* GGUFMyRepo */ = {
			isa = PBXNativeTarget;
			buildConfigurationList = CL0000000000000000000001 /* Build configuration list for PBXNativeTarget "GGUFMyRepo" */;
			buildPhases = (
				SP0000000000000000000001 /* Sources */,
				FP0000000000000000000001 /* Frameworks */,
			);
			buildRules = (
			);
			dependencies = (
			);
			name = GGUFMyRepo;
			productName = GGUFMyRepo;
			productReference = PR0000000000000000000001 /* GGUFMyRepo.app */;
			productType = "com.apple.product-type.application";
		};
/* End PBXNativeTarget section */

/* Begin PBXProject section */
		PJ0000000000000000000001 /* Project object */ = {
			isa = PBXProject;
			buildConfigurationList = CL0000000000000000000002 /* Build configuration list for PBXProject "GGUFMyRepo" */;
			compatibilityVersion = "Xcode 14.0";
			developmentRegion = en;
			hasScannedForEncodings = 0;
			knownRegions = (
				en,
				Base,
			);
			mainGroup = GR0000000000000000000001;
			productRefGroup = GR0000000000000000000003 /* Products */;
			projectDirPath = "";
			projectRoot = "";
			targets = (
				NT0000000000000000000001 /* GGUFMyRepo */,
			);
		};
/* End PBXProject section */

/* Begin PBXSourcesBuildPhase section */
		SP0000000000000000000001 /* Sources */ = {
			isa = PBXSourcesBuildPhase;
			buildActionMask = 2147483647;
			files = (
				BF0000000000000000000001 /* GGUFMyRepoApp.swift in Sources */,
				BF0000000000000000000002 /* RootView.swift in Sources */,
				BF0000000000000000000003 /* ConfettiView.swift in Sources */,
				BF0000000000000000000004 /* GlassProgressRing.swift in Sources */,
				BF0000000000000000000005 /* StorageBar.swift in Sources */,
				BF0000000000000000000006 /* TerminalLogView.swift in Sources */,
				BF0000000000000000000007 /* ThermalStateBadge.swift in Sources */,
				BF0000000000000000000008 /* AppSettings.swift in Sources */,
				BF0000000000000000000009 /* DeviceProfile.swift in Sources */,
				BF000000000000000000000A /* GGUFMetadata.swift in Sources */,
				BF000000000000000000000B /* HFModel.swift in Sources */,
				BF000000000000000000000C /* QuantJob.swift in Sources */,
				BF000000000000000000000D /* QuantType.swift in Sources */,
				BF000000000000000000000E /* AppSettingsStore.swift in Sources */,
				BF000000000000000000000F /* BinaryQuantizeEngine.swift in Sources */,
				BF0000000000000000000010 /* DeviceInfo.swift in Sources */,
				BF0000000000000000000011 /* DeviceMemoryBridge.c in Sources */,
				BF0000000000000000000012 /* DownloadManager.swift in Sources */,
				BF0000000000000000000013 /* GGUFParser.swift in Sources */,
				BF0000000000000000000014 /* HFClient.swift in Sources */,
				BF0000000000000000000015 /* JobHistoryStore.swift in Sources */,
				BF0000000000000000000016 /* KeychainService.swift in Sources */,
				BF0000000000000000000017 /* QuantRecommendationEngine.swift in Sources */,
				BF0000000000000000000018 /* QuantizeEngine.swift in Sources */,
				BF0000000000000000000019 /* ThermalMonitor.swift in Sources */,
				BF000000000000000000001A /* WidgetSyncService.swift in Sources */,
				BF000000000000000000001B /* JobHistoryView.swift in Sources */,
				BF000000000000000000001C /* DownloadProgressView.swift in Sources */,
				BF000000000000000000001D /* HardwareRecommendationCard.swift in Sources */,
				BF000000000000000000001E /* QuantConfigView.swift in Sources */,
				BF000000000000000000001F /* QuantizeProgressView.swift in Sources */,
				BF0000000000000000000020 /* ResultView.swift in Sources */,
				BF0000000000000000000021 /* UploadProgressView.swift in Sources */,
				BF0000000000000000000022 /* SplashView.swift in Sources */,
				BF0000000000000000000023 /* TokenSetupView.swift in Sources */,
				BF0000000000000000000024 /* FilePickerSheet.swift in Sources */,
				BF0000000000000000000025 /* ModelDetailSheet.swift in Sources */,
				BF0000000000000000000026 /* ModelSearchView.swift in Sources */,
				BF0000000000000000000027 /* SettingsView.swift in Sources */,
			);
			runOnlyForDeploymentPostprocessing = 0;
		};
/* End PBXSourcesBuildPhase section */

/* Begin XCBuildConfiguration section */
		BC0000000000000000000001 /* Debug */ = {
			isa = XCBuildConfiguration;
			buildSettings = {
				ALWAYS_SEARCH_USER_PATHS = NO;
				ASSETCATALOG_COMPILER_GENERATE_SWIFT_ASSET_SYMBOL_EXTENSIONS = YES;
				CLANG_ANALYZER_NONNULL = YES;
				CLANG_CXX_LANGUAGE_STANDARD = "gnu++20";
				CLANG_ENABLE_MODULES = YES;
				CLANG_ENABLE_OBJC_ARC = YES;
				CLANG_WARN_BLOCK_CAPTURE_AUTORELEASING = YES;
				CLANG_WARN_BOOL_CONVERSION = YES;
				CLANG_WARN_CONSTANT_CONVERSION = YES;
				CLANG_WARN_DEPRECATED_OBJC_IMPLEMENTATIONS = YES;
				CLANG_WARN_DIRECT_OBJC_ISA_USAGE = YES_ERROR;
				CLANG_WARN_DOCUMENTATION_COMMENTS = YES;
				CLANG_WARN_EMPTY_BODY = YES;
				CLANG_WARN_ENUM_CONVERSION = YES;
				CLANG_WARN_INFINITE_RECURSION = YES;
				CLANG_WARN_INT_CONVERSION = YES;
				CLANG_WARN_NON_LITERAL_NULL_CONVERSION = YES;
				CLANG_WARN_OBJC_IMPLICIT_RETAIN_SELF = YES;
				CLANG_WARN_OBJC_LITERAL_CONVERSION = YES;
				CLANG_WARN_OBJC_ROOT_CLASS = YES_ERROR;
				CLANG_WARN_QUOTED_INCLUDE_IN_FRAMEWORK_HEADER = YES;
				CLANG_WARN_RANGE_LOOP_ANALYSIS = YES;
				CLANG_WARN_STRICT_PROTOTYPES = YES;
				CLANG_WARN_SUSPICIOUS_MOVE = YES;
				CLANG_WARN_UNGUARDED_AVAILABILITY = YES_AGGRESSIVE;
				CLANG_WARN_UNREACHABLE_CODE = YES;
				COPY_PHASE_STRIP = NO;
				DEBUG_INFORMATION_FORMAT = dwarf;
				ENABLE_STRICT_OBJC_MSGSEND = YES;
				ENABLE_TESTABILITY = YES;
				GCC_C_LANGUAGE_STANDARD = gnu17;
				GCC_DYNAMIC_NO_PIC = NO;
				GCC_NO_COMMON_BLOCKS = YES;
				GCC_OPTIMIZATION_LEVEL = 0;
				GCC_PREPROCESSOR_DEFINITIONS = (
					"DEBUG=1",
					"$(inherited)",
				);
				IPHONEOS_DEPLOYMENT_TARGET = 17.0;
				MTL_ENABLE_DEBUG_INFO = INCLUDE_SOURCE;
				ONLY_ACTIVE_ARCH = YES;
				SDKROOT = iphoneos;
				SWIFT_ACTIVE_COMPILATION_CONDITIONS = "DEBUG $(inherited)";
				SWIFT_OPTIMIZATION_LEVEL = "-Onone";
			};
			name = Debug;
		};
		BC0000000000000000000002 /* Release */ = {
			isa = XCBuildConfiguration;
			buildSettings = {
				ALWAYS_SEARCH_USER_PATHS = NO;
				ASSETCATALOG_COMPILER_GENERATE_SWIFT_ASSET_SYMBOL_EXTENSIONS = YES;
				CLANG_ANALYZER_NONNULL = YES;
				CLANG_CXX_LANGUAGE_STANDARD = "gnu++20";
				CLANG_ENABLE_MODULES = YES;
				CLANG_ENABLE_OBJC_ARC = YES;
				CLANG_WARN_BLOCK_CAPTURE_AUTORELEASING = YES;
				CLANG_WARN_BOOL_CONVERSION = YES;
				CLANG_WARN_CONSTANT_CONVERSION = YES;
				CLANG_WARN_DEPRECATED_OBJC_IMPLEMENTATIONS = YES;
				CLANG_WARN_DIRECT_OBJC_ISA_USAGE = YES_ERROR;
				CLANG_WARN_DOCUMENTATION_COMMENTS = YES;
				CLANG_WARN_EMPTY_BODY = YES;
				CLANG_WARN_ENUM_CONVERSION = YES;
				CLANG_WARN_INFINITE_RECURSION = YES;
				CLANG_WARN_INT_CONVERSION = YES;
				CLANG_WARN_NON_LITERAL_NULL_CONVERSION = YES;
				CLANG_WARN_OBJC_IMPLICIT_RETAIN_SELF = YES;
				CLANG_WARN_OBJC_LITERAL_CONVERSION = YES;
				CLANG_WARN_OBJC_ROOT_CLASS = YES_ERROR;
				CLANG_WARN_QUOTED_INCLUDE_IN_FRAMEWORK_HEADER = YES;
				CLANG_WARN_RANGE_LOOP_ANALYSIS = YES;
				CLANG_WARN_STRICT_PROTOTYPES = YES;
				CLANG_WARN_SUSPICIOUS_MOVE = YES;
				CLANG_WARN_UNGUARDED_AVAILABILITY = YES_AGGRESSIVE;
				CLANG_WARN_UNREACHABLE_CODE = YES;
				COPY_PHASE_STRIP = NO;
				DEBUG_INFORMATION_FORMAT = "dwarf-with-dsym";
				ENABLE_NS_ASSERTIONS = NO;
				ENABLE_STRICT_OBJC_MSGSEND = YES;
				GCC_C_LANGUAGE_STANDARD = gnu17;
				GCC_NO_COMMON_BLOCKS = YES;
				IPHONEOS_DEPLOYMENT_TARGET = 17.0;
				MTL_ENABLE_DEBUG_INFO = NO;
				SDKROOT = iphoneos;
				SWIFT_COMPILATION_MODE = wholemodule;
				VALIDATE_PRODUCT = YES;
			};
			name = Release;
		};
		BC0000000000000000000003 /* Debug */ = {
			isa = XCBuildConfiguration;
			buildSettings = {
				ASSETCATALOG_COMPILER_APPICON_NAME = AppIcon;
				ASSETCATALOG_COMPILER_GLOBAL_ACCENT_COLOR_NAME = AccentColor;
				CODE_SIGN_ENTITLEMENTS = "";
				CODE_SIGN_IDENTITY = "iPhone Developer";
				CODE_SIGN_STYLE = Automatic;
				CURRENT_PROJECT_VERSION = 1;
				DEVELOPMENT_ASSET_PATHS = "";
				ENABLE_PREVIEWS = YES;
				GENERATE_INFOPLIST_FILE = NO;
				INFOPLIST_FILE = GGUFMyRepo/Info.plist;
				INFOPLIST_KEY_UIApplicationSceneManifest_Generation = YES;
				INFOPLIST_KEY_UIApplicationSupportsIndirectInputEvents = YES;
				INFOPLIST_KEY_UILaunchScreen_Generation = YES;
				INFOPLIST_KEY_UISupportedInterfaceOrientations_iPad = "UIInterfaceOrientationPortrait UIInterfaceOrientationPortraitUpsideDown UIInterfaceOrientationLandscapeLeft UIInterfaceOrientationLandscapeRight";
				INFOPLIST_KEY_UISupportedInterfaceOrientations_iPhone = "UIInterfaceOrientationPortrait UIInterfaceOrientationLandscapeLeft UIInterfaceOrientationLandscapeRight";
				IPHONEOS_DEPLOYMENT_TARGET = 17.0;
				LD_RUNPATH_SEARCH_PATHS = (
					"$(inherited)",
					"@executable_path/Frameworks",
				);
				MARKETING_VERSION = 1.0;
				PRODUCT_BUNDLE_IDENTIFIER = com.example.GGUFMyRepo;
				PRODUCT_NAME = "$(TARGET_NAME)";
				PROVISIONING_PROFILE_SPECIFIER = "";
				SWIFT_EMIT_LOC_STRINGS = YES;
				SWIFT_VERSION = 5.0;
				TARGETED_DEVICE_FAMILY = "1,2";
			};
			name = Debug;
		};
		BC0000000000000000000004 /* Release */ = {
			isa = XCBuildConfiguration;
			buildSettings = {
				ASSETCATALOG_COMPILER_APPICON_NAME = AppIcon;
				ASSETCATALOG_COMPILER_GLOBAL_ACCENT_COLOR_NAME = AccentColor;
				CODE_SIGN_ENTITLEMENTS = "";
				CODE_SIGN_IDENTITY = "iPhone Developer";
				CODE_SIGN_STYLE = Automatic;
				CURRENT_PROJECT_VERSION = 1;
				DEVELOPMENT_ASSET_PATHS = "";
				ENABLE_PREVIEWS = YES;
				GENERATE_INFOPLIST_FILE = NO;
				INFOPLIST_FILE = GGUFMyRepo/Info.plist;
				INFOPLIST_KEY_UIApplicationSceneManifest_Generation = YES;
				INFOPLIST_KEY_UIApplicationSupportsIndirectInputEvents = YES;
				INFOPLIST_KEY_UILaunchScreen_Generation = YES;
				INFOPLIST_KEY_UISupportedInterfaceOrientations_iPad = "UIInterfaceOrientationPortrait UIInterfaceOrientationPortraitUpsideDown UIInterfaceOrientationLandscapeLeft UIInterfaceOrientationLandscapeRight";
				INFOPLIST_KEY_UISupportedInterfaceOrientations_iPhone = "UIInterfaceOrientationPortrait UIInterfaceOrientationLandscapeLeft UIInterfaceOrientationLandscapeRight";
				IPHONEOS_DEPLOYMENT_TARGET = 17.0;
				LD_RUNPATH_SEARCH_PATHS = (
					"$(inherited)",
					"@executable_path/Frameworks",
				);
				MARKETING_VERSION = 1.0;
				PRODUCT_BUNDLE_IDENTIFIER = com.example.GGUFMyRepo;
				PRODUCT_NAME = "$(TARGET_NAME)";
				PROVISIONING_PROFILE_SPECIFIER = "";
				SWIFT_EMIT_LOC_STRINGS = YES;
				SWIFT_VERSION = 5.0;
				TARGETED_DEVICE_FAMILY = "1,2";
			};
			name = Release;
		};
/* End XCBuildConfiguration section */

/* Begin XCConfigurationList section */
		CL0000000000000000000001 /* Build configuration list for PBXNativeTarget "GGUFMyRepo" */ = {
			isa = XCConfigurationList;
			buildConfigurations = (
				BC0000000000000000000003 /* Debug */,
				BC0000000000000000000004 /* Release */,
			);
			defaultConfigurationIsVisible = 0;
			defaultConfigurationName = Release;
		};
		CL0000000000000000000002 /* Build configuration list for PBXProject "GGUFMyRepo" */ = {
			isa = XCConfigurationList;
			buildConfigurations = (
				BC0000000000000000000001 /* Debug */,
				BC0000000000000000000002 /* Release */,
			);
			defaultConfigurationIsVisible = 0;
			defaultConfigurationName = Release;
		};
/* End XCConfigurationList section */
	};
	rootObject = PJ0000000000000000000001 /* Project object */;
}
